Microsoft Visual Studio Solution File, Format Version 10.00
# Visual Studio 2008
Project("{FAE04EC0-301F-11D3-BF4B-00C04F79EFBC}") = "SplashScreen_ProcessCommand", "SplashScreen_ProcessCommand.csproj", "{ECE31CBA-BCB3-46DC-8F62-212276A0F210}"
EndProject
Global
	GlobalSection(SolutionConfigurationPlatforms) = preSolution
		Debug|Any CPU = Debug|Any CPU
		Release|Any CPU = Release|Any CPU
	EndGlobalSection
	GlobalSection(ProjectConfigurationPlatforms) = postSolution
		{ECE31CBA-BCB3-46DC-8F62-212276A0F210}.Debug|Any CPU.ActiveCfg = Debug|Any CPU
		{ECE31CBA-BCB3-46DC-8F62-212276A0F210}.Debug|Any CPU.Build.0 = Debug|Any CPU
		{ECE31CBA-BCB3-46DC-8F62-212276A0F210}.Release|Any CPU.ActiveCfg = Release|Any CPU
		{ECE31CBA-BCB3-46DC-8F62-212276A0F210}.Release|Any CPU.Build.0 = Release|Any CPU
	EndGlobalSection
	GlobalSection(SolutionProperties) = preSolution
		HideSolutionNode = FALSE
	EndGlobalSection
EndGlobal
